
Microsoft Visual Studio Solution File, Format Version 12.00
# Visual Studio Version 16
VisualStudioVersion = 16.0.31729.503
MinimumVisualStudioVersion = 10.0.40219.1
Project("{FAE04EC0-301F-11D3-BF4B-00C04F79EFBC}") = "Dockerwebapi", "Dockerwebapi\Dockerwebapi.csproj", "{D145314B-3C0C-4C1A-8F85-CCC18E34EFCF}"
EndProject
Global
	GlobalSection(SolutionConfigurationPlatforms) = preSolution
		Debug|Any CPU = Debug|Any CPU
		Release|Any CPU = Release|Any CPU
	EndGlobalSection
	GlobalSection(ProjectConfigurationPlatforms) = postSolution
		{D145314B-3C0C-4C1A-8F85-CCC18E34EFCF}.Debug|Any CPU.ActiveCfg = Debug|Any CPU
		{D145314B-3C0C-4C1A-8F85-CCC18E34EFCF}.Debug|Any CPU.Build.0 = Debug|Any CPU
		{D145314B-3C0C-4C1A-8F85-CCC18E34EFCF}.Release|Any CPU.ActiveCfg = Release|Any CPU
		{D145314B-3C0C-4C1A-8F85-CCC18E34EFCF}.Release|Any CPU.Build.0 = Release|Any CPU
	EndGlobalSection
	GlobalSection(SolutionProperties) = preSolution
		HideSolutionNode = FALSE
	EndGlobalSection
	GlobalSection(ExtensibilityGlobals) = postSolution
		SolutionGuid = {2B9F7C87-1799-4FF1-93B4-67A999918D80}
	EndGlobalSection
EndGlobal
